
Microsoft Visual Studio Solution File, Format Version 12.00
# Visual Studio Version 17
VisualStudioVersion = 17.12.35728.132
MinimumVisualStudioVersion = 10.0.40219.1
Project("{2150E333-8FDC-42A3-9474-1A3956D46DE8}") = "Infraestructura", "Infraestructura", "{079E2933-B6E8-4CC7-9F55-3AB436D5E23D}"
EndProject
Project("{2150E333-8FDC-42A3-9474-1A3956D46DE8}") = "Servicios", "Servicios", "{B9CC4BDE-680F-4A33-ABED-80A0F73ECC01}"
EndProject
Project("{2150E333-8FDC-42A3-9474-1A3956D46DE8}") = "Business", "Business", "{996B79D1-6C8E-453F-8EAF-6ABD98F15EE0}"
EndProject
Project("{FAE04EC0-301F-11D3-BF4B-00C04F79EFBC}") = "ParlemValencia.Infrastructure.Interfaces", "ParlemValencia.Infrastructure.Interfaces\ParlemValencia.Infrastructure.Interfaces.csproj", "{7F02AAAF-EE19-42B6-8414-BFEAAF6E79C2}"
EndProject
Project("{FAE04EC0-301F-11D3-BF4B-00C04F79EFBC}") = "ParlemValencia.Infrastructure.Repository", "ParlemValencia.Infrastructure.Repository\ParlemValencia.Infrastructure.Repository.csproj", "{C2B31251-C0F0-4973-B180-A1D8F46BDE62}"
EndProject
Project("{FAE04EC0-301F-11D3-BF4B-00C04F79EFBC}") = "ParlemValencia.Business.Entity", "ParlemValencia.Business.Entity\ParlemValencia.Business.Entity.csproj", "{DE54E505-99A1-4C08-9E7B-852CDEA085A8}"
EndProject
Project("{FAE04EC0-301F-11D3-BF4B-00C04F79EFBC}") = "ParlemValencia.Business.Interfaces", "ParlemValencia.Business.Interfaces\ParlemValencia.Business.Interfaces.csproj", "{ABE0F117-EFF4-4905-914F-38FFD3BF1EEA}"
EndProject
Project("{FAE04EC0-301F-11D3-BF4B-00C04F79EFBC}") = "ParlemValencia.Business.Core", "ParlemValencia.Business.Core\ParlemValencia.Business.Core.csproj", "{7206C729-89C2-41FF-A4F2-BE3B2BB838E2}"
EndProject
Project("{FAE04EC0-301F-11D3-BF4B-00C04F79EFBC}") = "ParlemValencia.Services.WebApi", "ParlemValencia.Services.WebApi\ParlemValencia.Services.WebApi.csproj", "{0493E18E-D0F7-4EC9-B8A3-F957FAB3AA48}"
EndProject
Global
	GlobalSection(SolutionConfigurationPlatforms) = preSolution
		Debug|Any CPU = Debug|Any CPU
		Release|Any CPU = Release|Any CPU
	EndGlobalSection
	GlobalSection(ProjectConfigurationPlatforms) = postSolution
		{7F02AAAF-EE19-42B6-8414-BFEAAF6E79C2}.Debug|Any CPU.ActiveCfg = Debug|Any CPU
		{7F02AAAF-EE19-42B6-8414-BFEAAF6E79C2}.Debug|Any CPU.Build.0 = Debug|Any CPU
		{7F02AAAF-EE19-42B6-8414-BFEAAF6E79C2}.Release|Any CPU.ActiveCfg = Release|Any CPU
		{7F02AAAF-EE19-42B6-8414-BFEAAF6E79C2}.Release|Any CPU.Build.0 = Release|Any CPU
		{C2B31251-C0F0-4973-B180-A1D8F46BDE62}.Debug|Any CPU.ActiveCfg = Debug|Any CPU
		{C2B31251-C0F0-4973-B180-A1D8F46BDE62}.Debug|Any CPU.Build.0 = Debug|Any CPU
		{C2B31251-C0F0-4973-B180-A1D8F46BDE62}.Release|Any CPU.ActiveCfg = Release|Any CPU
		{C2B31251-C0F0-4973-B180-A1D8F46BDE62}.Release|Any CPU.Build.0 = Release|Any CPU
		{DE54E505-99A1-4C08-9E7B-852CDEA085A8}.Debug|Any CPU.ActiveCfg = Debug|Any CPU
		{DE54E505-99A1-4C08-9E7B-852CDEA085A8}.Debug|Any CPU.Build.0 = Debug|Any CPU
		{DE54E505-99A1-4C08-9E7B-852CDEA085A8}.Release|Any CPU.ActiveCfg = Release|Any CPU
		{DE54E505-99A1-4C08-9E7B-852CDEA085A8}.Release|Any CPU.Build.0 = Release|Any CPU
		{ABE0F117-EFF4-4905-914F-38FFD3BF1EEA}.Debug|Any CPU.ActiveCfg = Debug|Any CPU
		{ABE0F117-EFF4-4905-914F-38FFD3BF1EEA}.Debug|Any CPU.Build.0 = Debug|Any CPU
		{ABE0F117-EFF4-4905-914F-38FFD3BF1EEA}.Release|Any CPU.ActiveCfg = Release|Any CPU
		{ABE0F117-EFF4-4905-914F-38FFD3BF1EEA}.Release|Any CPU.Build.0 = Release|Any CPU
		{7206C729-89C2-41FF-A4F2-BE3B2BB838E2}.Debug|Any CPU.ActiveCfg = Debug|Any CPU
		{7206C729-89C2-41FF-A4F2-BE3B2BB838E2}.Debug|Any CPU.Build.0 = Debug|Any CPU
		{7206C729-89C2-41FF-A4F2-BE3B2BB838E2}.Release|Any CPU.ActiveCfg = Release|Any CPU
		{7206C729-89C2-41FF-A4F2-BE3B2BB838E2}.Release|Any CPU.Build.0 = Release|Any CPU
		{0493E18E-D0F7-4EC9-B8A3-F957FAB3AA48}.Debug|Any CPU.ActiveCfg = Debug|Any CPU
		{0493E18E-D0F7-4EC9-B8A3-F957FAB3AA48}.Debug|Any CPU.Build.0 = Debug|Any CPU
		{0493E18E-D0F7-4EC9-B8A3-F957FAB3AA48}.Release|Any CPU.ActiveCfg = Release|Any CPU
		{0493E18E-D0F7-4EC9-B8A3-F957FAB3AA48}.Release|Any CPU.Build.0 = Release|Any CPU
	EndGlobalSection
	GlobalSection(SolutionProperties) = preSolution
		HideSolutionNode = FALSE
	EndGlobalSection
	GlobalSection(NestedProjects) = preSolution
		{7F02AAAF-EE19-42B6-8414-BFEAAF6E79C2} = {079E2933-B6E8-4CC7-9F55-3AB436D5E23D}
		{C2B31251-C0F0-4973-B180-A1D8F46BDE62} = {079E2933-B6E8-4CC7-9F55-3AB436D5E23D}
		{DE54E505-99A1-4C08-9E7B-852CDEA085A8} = {996B79D1-6C8E-453F-8EAF-6ABD98F15EE0}
		{ABE0F117-EFF4-4905-914F-38FFD3BF1EEA} = {996B79D1-6C8E-453F-8EAF-6ABD98F15EE0}
		{7206C729-89C2-41FF-A4F2-BE3B2BB838E2} = {996B79D1-6C8E-453F-8EAF-6ABD98F15EE0}
		{0493E18E-D0F7-4EC9-B8A3-F957FAB3AA48} = {B9CC4BDE-680F-4A33-ABED-80A0F73ECC01}
	EndGlobalSection
EndGlobal
